
Microsoft Visual Studio Solution File, Format Version 12.00
# Visual Studio Version 17
VisualStudioVersion = 17.1.32328.378
MinimumVisualStudioVersion = 10.0.40219.1
Project("{9A19103F-16F7-4668-BE54-9A1E7A4F7556}") = "GymBot", "webhooktestagain\GymBot.csproj", "{436D184A-F4B5-40B5-9462-9D9AE420848A}"
EndProject
Global
	GlobalSection(SolutionConfigurationPlatforms) = preSolution
		Debug|Any CPU = Debug|Any CPU
		Release|Any CPU = Release|Any CPU
	EndGlobalSection
	GlobalSection(ProjectConfigurationPlatforms) = postSolution
		{436D184A-F4B5-40B5-9462-9D9AE420848A}.Debug|Any CPU.ActiveCfg = Debug|Any CPU
		{436D184A-F4B5-40B5-9462-9D9AE420848A}.Debug|Any CPU.Build.0 = Debug|Any CPU
		{436D184A-F4B5-40B5-9462-9D9AE420848A}.Release|Any CPU.ActiveCfg = Release|Any CPU
		{436D184A-F4B5-40B5-9462-9D9AE420848A}.Release|Any CPU.Build.0 = Release|Any CPU
	EndGlobalSection
	GlobalSection(SolutionProperties) = preSolution
		HideSolutionNode = FALSE
	EndGlobalSection
	GlobalSection(ExtensibilityGlobals) = postSolution
		SolutionGuid = {B5248849-9AA5-495D-9172-B5CE8E9AFFDB}
	EndGlobalSection
EndGlobal
